github.com/arandu-io/framework v0.50.1 h1:fiCwvVta5SRTah4ArrNuEQHtLzqjmTRVnzvUAfV40Fc=
github.com/arandu-io/framework v0.50.1/go.mod h1:YMHtc0bPK03xxVLanTlQ0t4zijCmfj0pY/VGz5ccn2E=
github.com/arandu-io/hesape v0.44.0 h1:UkPmmccae+SJeqCHUcEA+1NLG5b9DzKQ/uu1oHRtpEk=
github.com/arandu-io/hesape v0.44.0/go.mod h1:EGvD/xu7BKqX/sT4p/XN+igAb5tBagA/VwoEqeVV1b0=
github.com/arandu-io/kyse v0.30.0 h1:L/AxzAyjmcly2C2VMKlW109PCmU+tVaYAfXfQI8yJZA=
github.com/arandu-io/kyse v0.30.0/go.mod h1:uiRYNaTnsYfZLS8dJvt8CzuN+eyG7hcYyi6vuf/g7ms=
golang.org/x/crypto v0.57.0 h1:3ZVCjf8Ggz7zneR/EHRVx68Ctf+2pmIMP2UFhh9cC6M=
golang.org/x/crypto v0.57.0/go.mod h1:Fdz0i5U6CoizGwLda9DttjSk6qlZo25zYNtR+ycvuZA=
golang.org/x/sys v0.48.0 h1:bbX/i/6MgT9BVLM9RT1thmxL04yeTAhbEz4SyadbXoo=
golang.org/x/sys v0.48.0/go.mod h1:hNLxWAXmnKAxqDtdwIYC4bM9oQPEecfsnNMuSxOs3og=
