github.com/arandu-io/framework v0.37.0 h1:MqD68I28P3N28LZU9RIh/K2sCn85oMJ0J9n5WHkqZmY=
github.com/arandu-io/framework v0.37.0/go.mod h1:BkhBK0oGsX9F9jLUnc8yw0BjoEYUrXxVO51dYTCOQPs=
github.com/arandu-io/hesape v0.14.0 h1:BFsxzJNUqUuU0RZxyVeKEEWk5VMyV+JD2caiU2frEDQ=
github.com/arandu-io/hesape v0.14.0/go.mod h1:Ew9p9zbEV1DLvuBQ0lhxHjqxFuKDWbdBBWdWPFUBB2g=
golang.org/x/crypto v0.53.0 h1:QZ4Muo8THX6CizN2vPPd5fBGHyogrdK9fG4wLPFUsto=
golang.org/x/crypto v0.53.0/go.mod h1:DNLU434OwVakk9PzuwV8w62mAJpRJL3vsgcfp4Qnsio=
golang.org/x/sys v0.46.0 h1:noSf2Fq6F8DBgS+LysIkx7rIExoNHJsxOAtPp4rthXw=
golang.org/x/sys v0.46.0/go.mod h1:4GL1E5IUh+htKOUEOaiffhrAeqysfVGipDYzABqnCmw=
